
Microsoft Visual Studio Solution File, Format Version 12.00
# Visual Studio Version 17
VisualStudioVersion = 17.3.32929.385
MinimumVisualStudioVersion = 10.0.40219.1
Project("{FAE04EC0-301F-11D3-BF4B-00C04F79EFBC}") = "Olufemi-LineTen", "Olufemi-LineTen\Olufemi-LineTen.csproj", "{9DE6F3F4-2174-4316-A82E-502BAE2FCA53}"
EndProject
Project("{E53339B2-1760-4266-BCC7-CA923CBCF16C}") = "docker-compose", "docker-compose.dcproj", "{43838A69-3B20-4765-A9CE-B02E4B2FD824}"
EndProject
Global
	GlobalSection(SolutionConfigurationPlatforms) = preSolution
		Debug|Any CPU = Debug|Any CPU
		Release|Any CPU = Release|Any CPU
	EndGlobalSection
	GlobalSection(ProjectConfigurationPlatforms) = postSolution
		{9DE6F3F4-2174-4316-A82E-502BAE2FCA53}.Debug|Any CPU.ActiveCfg = Debug|Any CPU
		{9DE6F3F4-2174-4316-A82E-502BAE2FCA53}.Debug|Any CPU.Build.0 = Debug|Any CPU
		{9DE6F3F4-2174-4316-A82E-502BAE2FCA53}.Release|Any CPU.ActiveCfg = Release|Any CPU
		{9DE6F3F4-2174-4316-A82E-502BAE2FCA53}.Release|Any CPU.Build.0 = Release|Any CPU
		{43838A69-3B20-4765-A9CE-B02E4B2FD824}.Debug|Any CPU.ActiveCfg = Debug|Any CPU
		{43838A69-3B20-4765-A9CE-B02E4B2FD824}.Debug|Any CPU.Build.0 = Debug|Any CPU
		{43838A69-3B20-4765-A9CE-B02E4B2FD824}.Release|Any CPU.ActiveCfg = Release|Any CPU
		{43838A69-3B20-4765-A9CE-B02E4B2FD824}.Release|Any CPU.Build.0 = Release|Any CPU
	EndGlobalSection
	GlobalSection(SolutionProperties) = preSolution
		HideSolutionNode = FALSE
	EndGlobalSection
	GlobalSection(ExtensibilityGlobals) = postSolution
		SolutionGuid = {EE6892CB-97C2-44A4-8C25-0A0EB4820D65}
	EndGlobalSection
EndGlobal
